
Microsoft Visual Studio Solution File, Format Version 12.00
# Visual Studio Version 16
VisualStudioVersion = 16.0.30114.105
MinimumVisualStudioVersion = 10.0.40219.1
Project("{FAE04EC0-301F-11D3-BF4B-00C04F79EFBC}") = "AmazonTranscribeStreamingClient", "AmazonTranscribeStreamingClient\AmazonTranscribeStreamingClient.csproj", "{EF746331-1B9E-43F6-B3F4-05C96F85CDDF}"
EndProject
Project("{2150E333-8FDC-42A3-9474-1A3956D46DE8}") = "Examples", "Examples", "{41AFC92F-58E6-402F-8DA8-17BEB213CA08}"
EndProject
Project("{FAE04EC0-301F-11D3-BF4B-00C04F79EFBC}") = "StreamFile", "Examples\StreamFile\StreamFile.csproj", "{ED488C28-E6D3-42D7-9E6C-A2DD8BE9823A}"
EndProject
Global
	GlobalSection(SolutionConfigurationPlatforms) = preSolution
		Debug|Any CPU = Debug|Any CPU
		Release|Any CPU = Release|Any CPU
	EndGlobalSection
	GlobalSection(SolutionProperties) = preSolution
		HideSolutionNode = FALSE
	EndGlobalSection
	GlobalSection(ProjectConfigurationPlatforms) = postSolution
		{EF746331-1B9E-43F6-B3F4-05C96F85CDDF}.Debug|Any CPU.ActiveCfg = Debug|Any CPU
		{EF746331-1B9E-43F6-B3F4-05C96F85CDDF}.Debug|Any CPU.Build.0 = Debug|Any CPU
		{EF746331-1B9E-43F6-B3F4-05C96F85CDDF}.Release|Any CPU.ActiveCfg = Release|Any CPU
		{EF746331-1B9E-43F6-B3F4-05C96F85CDDF}.Release|Any CPU.Build.0 = Release|Any CPU
		{ED488C28-E6D3-42D7-9E6C-A2DD8BE9823A}.Debug|Any CPU.ActiveCfg = Debug|Any CPU
		{ED488C28-E6D3-42D7-9E6C-A2DD8BE9823A}.Debug|Any CPU.Build.0 = Debug|Any CPU
		{ED488C28-E6D3-42D7-9E6C-A2DD8BE9823A}.Release|Any CPU.ActiveCfg = Release|Any CPU
		{ED488C28-E6D3-42D7-9E6C-A2DD8BE9823A}.Release|Any CPU.Build.0 = Release|Any CPU
	EndGlobalSection
	GlobalSection(NestedProjects) = preSolution
		{ED488C28-E6D3-42D7-9E6C-A2DD8BE9823A} = {41AFC92F-58E6-402F-8DA8-17BEB213CA08}
	EndGlobalSection
EndGlobal
